
Microsoft Visual Studio Solution File, Format Version 12.00
# Visual Studio Version 17
VisualStudioVersion = 17.3.32901.215
MinimumVisualStudioVersion = 10.0.40219.1
Project("{9A19103F-16F7-4668-BE54-9A1E7A4F7556}") = "1. Sort numbers", "01. CSharp-Fundamentals-Intro-and-Basic-Syntax-More-Exercise\1. Sort numbers.csproj", "{9497A3C0-5809-4AA4-AE4B-FBE4F10DA393}"
EndProject
Project("{FAE04EC0-301F-11D3-BF4B-00C04F79EFBC}") = "2. Name of the Last Digit", "2. Name of the Last Digit\2. Name of the Last Digit.csproj", "{D366A2D9-B9D1-4EAF-8580-59B8EE0BA1EE}"
EndProject
Project("{FAE04EC0-301F-11D3-BF4B-00C04F79EFBC}") = "3. Gaming Store", "3. Gaming Store\3. Gaming Store.csproj", "{7DBA0C9E-5F0A-4B92-B1A1-E0ED4B3CC561}"
EndProject
Project("{FAE04EC0-301F-11D3-BF4B-00C04F79EFBC}") = "4.  Reverse String", "4.  Reverse String\4.  Reverse String.csproj", "{99C9DC5F-6FB8-4AED-92F2-702749609B90}"
EndProject
Project("{FAE04EC0-301F-11D3-BF4B-00C04F79EFBC}") = "5. Messages", "5. Messages\5. Messages.csproj", "{3D08E8D3-3B4B-462B-AB36-285F8093E095}"
EndProject
Global
	GlobalSection(SolutionConfigurationPlatforms) = preSolution
		Debug|Any CPU = Debug|Any CPU
		Release|Any CPU = Release|Any CPU
	EndGlobalSection
	GlobalSection(ProjectConfigurationPlatforms) = postSolution
		{9497A3C0-5809-4AA4-AE4B-FBE4F10DA393}.Debug|Any CPU.ActiveCfg = Debug|Any CPU
		{9497A3C0-5809-4AA4-AE4B-FBE4F10DA393}.Debug|Any CPU.Build.0 = Debug|Any CPU
		{9497A3C0-5809-4AA4-AE4B-FBE4F10DA393}.Release|Any CPU.ActiveCfg = Release|Any CPU
		{9497A3C0-5809-4AA4-AE4B-FBE4F10DA393}.Release|Any CPU.Build.0 = Release|Any CPU
		{D366A2D9-B9D1-4EAF-8580-59B8EE0BA1EE}.Debug|Any CPU.ActiveCfg = Debug|Any CPU
		{D366A2D9-B9D1-4EAF-8580-59B8EE0BA1EE}.Debug|Any CPU.Build.0 = Debug|Any CPU
		{D366A2D9-B9D1-4EAF-8580-59B8EE0BA1EE}.Release|Any CPU.ActiveCfg = Release|Any CPU
		{D366A2D9-B9D1-4EAF-8580-59B8EE0BA1EE}.Release|Any CPU.Build.0 = Release|Any CPU
		{7DBA0C9E-5F0A-4B92-B1A1-E0ED4B3CC561}.Debug|Any CPU.ActiveCfg = Debug|Any CPU
		{7DBA0C9E-5F0A-4B92-B1A1-E0ED4B3CC561}.Debug|Any CPU.Build.0 = Debug|Any CPU
		{7DBA0C9E-5F0A-4B92-B1A1-E0ED4B3CC561}.Release|Any CPU.ActiveCfg = Release|Any CPU
		{7DBA0C9E-5F0A-4B92-B1A1-E0ED4B3CC561}.Release|Any CPU.Build.0 = Release|Any CPU
		{99C9DC5F-6FB8-4AED-92F2-702749609B90}.Debug|Any CPU.ActiveCfg = Debug|Any CPU
		{99C9DC5F-6FB8-4AED-92F2-702749609B90}.Debug|Any CPU.Build.0 = Debug|Any CPU
		{99C9DC5F-6FB8-4AED-92F2-702749609B90}.Release|Any CPU.ActiveCfg = Release|Any CPU
		{99C9DC5F-6FB8-4AED-92F2-702749609B90}.Release|Any CPU.Build.0 = Release|Any CPU
		{3D08E8D3-3B4B-462B-AB36-285F8093E095}.Debug|Any CPU.ActiveCfg = Debug|Any CPU
		{3D08E8D3-3B4B-462B-AB36-285F8093E095}.Debug|Any CPU.Build.0 = Debug|Any CPU
		{3D08E8D3-3B4B-462B-AB36-285F8093E095}.Release|Any CPU.ActiveCfg = Release|Any CPU
		{3D08E8D3-3B4B-462B-AB36-285F8093E095}.Release|Any CPU.Build.0 = Release|Any CPU
	EndGlobalSection
	GlobalSection(SolutionProperties) = preSolution
		HideSolutionNode = FALSE
	EndGlobalSection
	GlobalSection(ExtensibilityGlobals) = postSolution
		SolutionGuid = {1A205BFB-C2FD-4BAE-8B91-4C203A2CA7E7}
	EndGlobalSection
EndGlobal
